
Microsoft Visual Studio Solution File, Format Version 12.00
# Visual Studio Version 17
VisualStudioVersion = 17.14.36616.10 d17.14
MinimumVisualStudioVersion = 10.0.40219.1
Project("{FAE04EC0-301F-11D3-BF4B-00C04F79EFBC}") = "DoAnTinHoc_DuLieu", "DoAnTinHoc_DuLieu\DoAnTinHoc_DuLieu.csproj", "{AF0D3AFA-A375-42E1-A9CE-258A4B5C9885}"
EndProject
Global
	GlobalSection(SolutionConfigurationPlatforms) = preSolution
		Debug|Any CPU = Debug|Any CPU
		Release|Any CPU = Release|Any CPU
	EndGlobalSection
	GlobalSection(ProjectConfigurationPlatforms) = postSolution
		{AF0D3AFA-A375-42E1-A9CE-258A4B5C9885}.Debug|Any CPU.ActiveCfg = Debug|Any CPU
		{AF0D3AFA-A375-42E1-A9CE-258A4B5C9885}.Debug|Any CPU.Build.0 = Debug|Any CPU
		{AF0D3AFA-A375-42E1-A9CE-258A4B5C9885}.Release|Any CPU.ActiveCfg = Release|Any CPU
		{AF0D3AFA-A375-42E1-A9CE-258A4B5C9885}.Release|Any CPU.Build.0 = Release|Any CPU
	EndGlobalSection
	GlobalSection(SolutionProperties) = preSolution
		HideSolutionNode = FALSE
	EndGlobalSection
	GlobalSection(ExtensibilityGlobals) = postSolution
		SolutionGuid = {361105CA-2207-4DFF-A045-7A9568F6BCC7}
	EndGlobalSection
EndGlobal
